
Microsoft Visual Studio Solution File, Format Version 12.00
# Visual Studio Version 17
VisualStudioVersion = 17.9.34728.123
MinimumVisualStudioVersion = 10.0.40219.1
Project("{FAE04EC0-301F-11D3-BF4B-00C04F79EFBC}") = "AccountManagement", "AccountManagement\AccountManagement.csproj", "{05C2E99C-4675-4BA5-A3C8-0BCB765E3A9E}"
EndProject
Global
	GlobalSection(SolutionConfigurationPlatforms) = preSolution
		Debug|Any CPU = Debug|Any CPU
		Release|Any CPU = Release|Any CPU
	EndGlobalSection
	GlobalSection(ProjectConfigurationPlatforms) = postSolution
		{05C2E99C-4675-4BA5-A3C8-0BCB765E3A9E}.Debug|Any CPU.ActiveCfg = Debug|Any CPU
		{05C2E99C-4675-4BA5-A3C8-0BCB765E3A9E}.Debug|Any CPU.Build.0 = Debug|Any CPU
		{05C2E99C-4675-4BA5-A3C8-0BCB765E3A9E}.Release|Any CPU.ActiveCfg = Release|Any CPU
		{05C2E99C-4675-4BA5-A3C8-0BCB765E3A9E}.Release|Any CPU.Build.0 = Release|Any CPU
	EndGlobalSection
	GlobalSection(SolutionProperties) = preSolution
		HideSolutionNode = FALSE
	EndGlobalSection
	GlobalSection(ExtensibilityGlobals) = postSolution
		SolutionGuid = {2993FE31-59A0-446A-8852-BF17557E75AE}
	EndGlobalSection
EndGlobal
