
Microsoft Visual Studio Solution File, Format Version 12.00
# Visual Studio Version 17
VisualStudioVersion = 17.9.34728.123
MinimumVisualStudioVersion = 10.0.40219.1
Project("{9A19103F-16F7-4668-BE54-9A1E7A4F7556}") = "AccountManagement", "AccountManagement\AccountManagement.csproj", "{05C2E99C-4675-4BA5-A3C8-0BCB765E3A9E}"
EndProject
Project("{9A19103F-16F7-4668-BE54-9A1E7A4F7556}") = "AccountManagementAPI", "AccountManagementAPI\AccountManagementAPI.csproj", "{8B6BA9CC-054B-4FC8-B416-927A6FD44A83}"
EndProject
Project("{2150E333-8FDC-42A3-9474-1A3956D46DE8}") = "Libraries", "Libraries", "{905408E0-0579-437B-9199-682FA920A9E8}"
EndProject
Project("{FAE04EC0-301F-11D3-BF4B-00C04F79EFBC}") = "HttpClientLibrary", "HttpClientLibrary\HttpClientLibrary.csproj", "{7310360C-D01E-4756-A0F0-3F903DDFD313}"
EndProject
Project("{FAE04EC0-301F-11D3-BF4B-00C04F79EFBC}") = "AccountManagment.Libraries.Shared", "AccountManagment.Libraries.Shared\AccountManagment.Libraries.Shared.csproj", "{7DF68434-C8B9-44E2-BE5C-31133148F60F}"
EndProject
Global
	GlobalSection(SolutionConfigurationPlatforms) = preSolution
		Debug|Any CPU = Debug|Any CPU
		Release|Any CPU = Release|Any CPU
	EndGlobalSection
	GlobalSection(ProjectConfigurationPlatforms) = postSolution
		{05C2E99C-4675-4BA5-A3C8-0BCB765E3A9E}.Debug|Any CPU.ActiveCfg = Debug|Any CPU
		{05C2E99C-4675-4BA5-A3C8-0BCB765E3A9E}.Debug|Any CPU.Build.0 = Debug|Any CPU
		{05C2E99C-4675-4BA5-A3C8-0BCB765E3A9E}.Release|Any CPU.ActiveCfg = Release|Any CPU
		{05C2E99C-4675-4BA5-A3C8-0BCB765E3A9E}.Release|Any CPU.Build.0 = Release|Any CPU
		{8B6BA9CC-054B-4FC8-B416-927A6FD44A83}.Debug|Any CPU.ActiveCfg = Debug|Any CPU
		{8B6BA9CC-054B-4FC8-B416-927A6FD44A83}.Debug|Any CPU.Build.0 = Debug|Any CPU
		{8B6BA9CC-054B-4FC8-B416-927A6FD44A83}.Release|Any CPU.ActiveCfg = Release|Any CPU
		{8B6BA9CC-054B-4FC8-B416-927A6FD44A83}.Release|Any CPU.Build.0 = Release|Any CPU
		{7310360C-D01E-4756-A0F0-3F903DDFD313}.Debug|Any CPU.ActiveCfg = Debug|Any CPU
		{7310360C-D01E-4756-A0F0-3F903DDFD313}.Debug|Any CPU.Build.0 = Debug|Any CPU
		{7310360C-D01E-4756-A0F0-3F903DDFD313}.Release|Any CPU.ActiveCfg = Release|Any CPU
		{7310360C-D01E-4756-A0F0-3F903DDFD313}.Release|Any CPU.Build.0 = Release|Any CPU
		{7DF68434-C8B9-44E2-BE5C-31133148F60F}.Debug|Any CPU.ActiveCfg = Debug|Any CPU
		{7DF68434-C8B9-44E2-BE5C-31133148F60F}.Debug|Any CPU.Build.0 = Debug|Any CPU
		{7DF68434-C8B9-44E2-BE5C-31133148F60F}.Release|Any CPU.ActiveCfg = Release|Any CPU
		{7DF68434-C8B9-44E2-BE5C-31133148F60F}.Release|Any CPU.Build.0 = Release|Any CPU
	EndGlobalSection
	GlobalSection(SolutionProperties) = preSolution
		HideSolutionNode = FALSE
	EndGlobalSection
	GlobalSection(NestedProjects) = preSolution
		{7310360C-D01E-4756-A0F0-3F903DDFD313} = {905408E0-0579-437B-9199-682FA920A9E8}
		{7DF68434-C8B9-44E2-BE5C-31133148F60F} = {905408E0-0579-437B-9199-682FA920A9E8}
	EndGlobalSection
	GlobalSection(ExtensibilityGlobals) = postSolution
		SolutionGuid = {2993FE31-59A0-446A-8852-BF17557E75AE}
	EndGlobalSection
EndGlobal
